
Microsoft Visual Studio Solution File, Format Version 12.00
# Visual Studio Version 16
VisualStudioVersion = 16.0.32228.343
MinimumVisualStudioVersion = 10.0.40219.1
Project("{FAE04EC0-301F-11D3-BF4B-00C04F79EFBC}") = "StringBuilder", "StringBuilder\StringBuilder.csproj", "{46674B02-3DC4-4DFA-B8D5-556B5502FEFF}"
EndProject
Global
	GlobalSection(SolutionConfigurationPlatforms) = preSolution
		Debug|Any CPU = Debug|Any CPU
		Release|Any CPU = Release|Any CPU
	EndGlobalSection
	GlobalSection(ProjectConfigurationPlatforms) = postSolution
		{46674B02-3DC4-4DFA-B8D5-556B5502FEFF}.Debug|Any CPU.ActiveCfg = Debug|Any CPU
		{46674B02-3DC4-4DFA-B8D5-556B5502FEFF}.Debug|Any CPU.Build.0 = Debug|Any CPU
		{46674B02-3DC4-4DFA-B8D5-556B5502FEFF}.Release|Any CPU.ActiveCfg = Release|Any CPU
		{46674B02-3DC4-4DFA-B8D5-556B5502FEFF}.Release|Any CPU.Build.0 = Release|Any CPU
	EndGlobalSection
	GlobalSection(SolutionProperties) = preSolution
		HideSolutionNode = FALSE
	EndGlobalSection
	GlobalSection(ExtensibilityGlobals) = postSolution
		SolutionGuid = {953360BF-5140-4AB8-9E4E-AFFB023FC83B}
	EndGlobalSection
EndGlobal
